PODS:
  - Alamofire (4.6.0)
  - Alamofire-Synchronous (4.0.0):
    - Alamofire (~> 4.0)
  - BigInt (3.0.1):
    - SipHash (~> 1.2)
  - CryptoSwift (0.8.3)
  - Eureka (4.1.1)
  - GaniLib (0.6.0):
    - Alamofire
    - Eureka (~> 4.1)
    - GaniLib/Core (= 0.6.0)
    - Kingfisher (~> 4.0)
    - SideMenu (~> 3.0)
    - SnapKit (~> 4.0)
    - SVProgressHUD
    - SwiftIconFont (= 2.7.3)
    - SwiftyJSON
    - TTTAttributedLabel
    - XLPagerTabStrip (~> 8.0)
  - GaniLib/Core (0.6.0):
    - Alamofire
    - Eureka (~> 4.1)
    - Kingfisher (~> 4.0)
    - SideMenu (~> 3.0)
    - SnapKit (~> 4.0)
    - SVProgressHUD
    - SwiftIconFont (= 2.7.3)
    - SwiftyJSON
    - TTTAttributedLabel
    - XLPagerTabStrip (~> 8.0)
  - GaniLib/Realm (0.6.0):
    - Alamofire
    - Eureka (~> 4.1)
    - Kingfisher (~> 4.0)
    - RealmSwift (~> 3.0)
    - SideMenu (~> 3.0)
    - SnapKit (~> 4.0)
    - SVProgressHUD
    - SwiftIconFont (= 2.7.3)
    - SwiftyJSON
    - TTTAttributedLabel
    - XLPagerTabStrip (~> 8.0)
  - Kingfisher (4.6.1)
  - libsodium (1.0.12)
  - QRCode (2.0)
  - QRCodeReader.swift (8.0.4)
  - Realm (3.5.0):
    - Realm/Headers (= 3.5.0)
  - Realm/Headers (3.5.0)
  - RealmSwift (3.5.0):
    - Realm (= 3.5.0)
  - Result (3.0.0)
  - secp256k1_ios (0.1.2)
  - SideMenu (3.1.5)
  - SipHash (1.2.0)
  - SnapKit (4.0.0)
  - SVProgressHUD (2.2.2)
  - SwiftIconFont (2.7.3)
  - SwiftyJSON (4.0.0)
  - TTTAttributedLabel (2.0.0)
  - web3swift (0.3.5):
    - Alamofire (~> 4.6)
    - Alamofire-Synchronous (~> 4.0)
    - BigInt (~> 3.0.1)
    - CryptoSwift (~> 0.8.3)
    - libsodium (~> 1.0.12)
    - Result (~> 3.0.0)
    - secp256k1_ios (~> 0.1.2)
  - XLPagerTabStrip (8.0.1)

DEPENDENCIES:
  - GaniLib (from `../ganilib-ios`)
  - GaniLib/Realm (from `../ganilib-ios`)
  - QRCode (~> 2.0)
  - QRCodeReader.swift (~> 8.0)
  - web3swift (from `https://github.com/bankex/web3swift.git`)

SPEC REPOS:
  https://github.com/cocoapods/specs.git:
    - Alamofire
    - Alamofire-Synchronous
    - BigInt
    - CryptoSwift
    - Eureka
    - Kingfisher
    - libsodium
    - QRCode
    - QRCodeReader.swift
    - Realm
    - RealmSwift
    - Result
    - secp256k1_ios
    - SideMenu
    - SipHash
    - SnapKit
    - SVProgressHUD
    - SwiftIconFont
    - SwiftyJSON
    - TTTAttributedLabel
    - XLPagerTabStrip

EXTERNAL SOURCES:
  GaniLib:
    :path: "../ganilib-ios"
  web3swift:
    :git: https://github.com/bankex/web3swift.git

CHECKOUT OPTIONS:
  web3swift:
    :commit: e70b48254e00ccb0ec82ca7fd075b9359740ee6f
    :git: https://github.com/bankex/web3swift.git

SPEC CHECKSUMS:
  Alamofire: f41a599bd63041760b26d393ec1069d9d7b917f4
  Alamofire-Synchronous: eedf1e6e961c3795a63c74990b3f7d9fbfac7e50
  BigInt: 8e8a52161c745cd3ab78e3dc346a9fbee51e6cf6
  CryptoSwift: 033efc3523865d19cc6ab6612fa17a62613b5dfa
  Eureka: b88fb930e42c79f8c03c373d0fcdc28c1d6c50ed
  GaniLib: 45695a7bc2b7e643df4acd858f499ed330040780
  Kingfisher: 1f9157d9c02b380cbd0b7cc890161195164eb634
  libsodium: 9a8faa5ef2fa0d2d57bd7f7d79bf8fb7c1a9f0ea
  QRCode: f98a1886c8f37523704a7512a4c0cd45b34c18a4
  QRCodeReader.swift: 9730cfa7ed5f0dd839765df8cf18d41db20e4081
  Realm: 0378021c424e4e2bd6a0e63b27881e929d9b9ad1
  RealmSwift: 3322562622fda2ad596985ead4d8d8be30cf838c
  Result: 1b3e431f37cbcd3ad89c6aa9ab0ae55515fae3b6
  secp256k1_ios: 168c6c49ed9771db51875f5255c8f9847e4cf554
  SideMenu: 47dbf9e4d878062d8994aed43f6e4bf6c1fea30b
  SipHash: c6e9e43e9c531b5bc6602545130c26194a6d31ce
  SnapKit: a42d492c16e80209130a3379f73596c3454b7694
  SVProgressHUD: 59b2d3dabacbd051576d21d32293ca7228dc18b0
  SwiftIconFont: ebd8ee931a1e7072b61a87aec53f3a0786ef7f2b
  SwiftyJSON: 070dabdcb1beb81b247c65ffa3a79dbbfb3b48aa
  TTTAttributedLabel: 8cffe8e127e4e82ff3af1e5386d4cd0ad000b656
  web3swift: 1f5e5bd7fff73409c3161d1db8607e791c8c3b7b
  XLPagerTabStrip: c908b17cbf42fcd2598ee1adfc49bae25444d88a

PODFILE CHECKSUM: 0cb07bb9c642d19a7bcfb7fd89f6b9a7937dcb74

COCOAPODS: 1.5.2
