// !$*UTF8*$!
{
	archiveVersion = 1;
	classes = {
	};
	objectVersion = 48;
	objects = {

/* Begin PBXBuildFile section */
		AD32979E99E18070F313DF5D /* Pods_QuickTip.framework in Frameworks */ = {isa = PBXBuildFile; fileRef = 5C50AD74F04248C933509527 /* Pods_QuickTip.framework */; };
		C1A059C520720915007508BE /* AppDelegate.swift in Sources */ = {isa = PBXBuildFile; fileRef = C1A059C420720915007508BE /* AppDelegate.swift */; };
		C1A059CA20720915007508BE /* Main.storyboard in Resources */ = {isa = PBXBuildFile; fileRef = C1A059C820720915007508BE /* Main.storyboard */; };
		C1A059CC20720915007508BE /* Assets.xcassets in Resources */ = {isa = PBXBuildFile; fileRef = C1A059CB20720915007508BE /* Assets.xcassets */; };
		C1A059CF20720915007508BE /* LaunchScreen.storyboard in Resources */ = {isa = PBXBuildFile; fileRef = C1A059CD20720915007508BE /* LaunchScreen.storyboard */; };
		C1A059E120720D8A007508BE /* Build.swift in Sources */ = {isa = PBXBuildFile; fileRef = C1A059D820720D8A007508BE /* Build.swift */; };
		C1A059E220720D8A007508BE /* Build.swift.example in Resources */ = {isa = PBXBuildFile; fileRef = C1A059D920720D8A007508BE /* Build.swift.example */; };
		C1A059E320720D8A007508BE /* DemoBuild.swift in Sources */ = {isa = PBXBuildFile; fileRef = C1A059DA20720D8A007508BE /* DemoBuild.swift */; };
		C1A059E420720D8A007508BE /* DevelopmentBuild.swift in Sources */ = {isa = PBXBuildFile; fileRef = C1A059DB20720D8A007508BE /* DevelopmentBuild.swift */; };
		C1A059E520720D8A007508BE /* ProductionBuild.swift in Sources */ = {isa = PBXBuildFile; fileRef = C1A059DC20720D8A007508BE /* ProductionBuild.swift */; };
		C1A059E620720D8A007508BE /* GLabelSpec+My.swift in Sources */ = {isa = PBXBuildFile; fileRef = C1A059DD20720D8A007508BE /* GLabelSpec+My.swift */; };
		C1A059E720720D8A007508BE /* MyHttpDelegate.swift in Sources */ = {isa = PBXBuildFile; fileRef = C1A059DE20720D8A007508BE /* MyHttpDelegate.swift */; };
		C1A059E820720D8A007508BE /* MyMenuNavController.swift in Sources */ = {isa = PBXBuildFile; fileRef = C1A059DF20720D8A007508BE /* MyMenuNavController.swift */; };
		C1A059E920720D8A007508BE /* UIColor+My.swift in Sources */ = {isa = PBXBuildFile; fileRef = C1A059E020720D8A007508BE /* UIColor+My.swift */; };
		C1A059EC20720E55007508BE /* ReceiveScreen.swift in Sources */ = {isa = PBXBuildFile; fileRef = C1A059EB20720E55007508BE /* ReceiveScreen.swift */; };
		C1A059EF20720ECA007508BE /* SendScreen.swift in Sources */ = {isa = PBXBuildFile; fileRef = C1A059EE20720ECA007508BE /* SendScreen.swift */; };
		C1A059F5207214CB007508BE /* Transaction.swift in Sources */ = {isa = PBXBuildFile; fileRef = C1A059F1207214CA007508BE /* Transaction.swift */; };
		C1A059F6207214CB007508BE /* TransactionCell.swift in Sources */ = {isa = PBXBuildFile; fileRef = C1A059F2207214CA007508BE /* TransactionCell.swift */; };
		C1A059F7207214CB007508BE /* TransactionDetailScreen.swift in Sources */ = {isa = PBXBuildFile; fileRef = C1A059F3207214CA007508BE /* TransactionDetailScreen.swift */; };
		C1A059F8207214CB007508BE /* TransactionListScreen.swift in Sources */ = {isa = PBXBuildFile; fileRef = C1A059F4207214CA007508BE /* TransactionListScreen.swift */; };
/* End PBXBuildFile section */

/* Begin PBXFileReference section */
		5C50AD74F04248C933509527 /* Pods_QuickTip.framework */ = {isa = PBXFileReference; explicitFileType = wrapper.framework; includeInIndex = 0; path = Pods_QuickTip.framework; sourceTree = BUILT_PRODUCTS_DIR; };
		66541C5C9A0894A28892E929 /* Pods-QuickTip.release.xcconfig */ = {isa = PBXFileReference; includeInIndex = 1; lastKnownFileType = text.xcconfig; name = "Pods-QuickTip.release.xcconfig"; path = "Pods/Target Support Files/Pods-QuickTip/Pods-QuickTip.release.xcconfig"; sourceTree = "<group>"; };
		C1A059C120720915007508BE /* QuickTip.app */ = {isa = PBXFileReference; explicitFileType = wrapper.application; includeInIndex = 0; path = QuickTip.app; sourceTree = BUILT_PRODUCTS_DIR; };
		C1A059C420720915007508BE /* AppDelegate.swift */ = {isa = PBXFileReference; lastKnownFileType = sourcecode.swift; path = AppDelegate.swift; sourceTree = "<group>"; };
		C1A059C920720915007508BE /* Base */ = {isa = PBXFileReference; lastKnownFileType = file.storyboard; name = Base; path = Base.lproj/Main.storyboard; sourceTree = "<group>"; };
		C1A059CB20720915007508BE /* Assets.xcassets */ = {isa = PBXFileReference; lastKnownFileType = folder.assetcatalog; path = Assets.xcassets; sourceTree = "<group>"; };
		C1A059CE20720915007508BE /* Base */ = {isa = PBXFileReference; lastKnownFileType = file.storyboard; name = Base; path = Base.lproj/LaunchScreen.storyboard; sourceTree = "<group>"; };
		C1A059D020720915007508BE /* Info.plist */ = {isa = PBXFileReference; lastKnownFileType = text.plist.xml; path = Info.plist; sourceTree = "<group>"; };
		C1A059D820720D8A007508BE /* Build.swift */ = {isa = PBXFileReference; fileEncoding = 4; lastKnownFileType = sourcecode.swift; path = Build.swift; sourceTree = "<group>"; };
		C1A059D920720D8A007508BE /* Build.swift.example */ = {isa = PBXFileReference; fileEncoding = 4; lastKnownFileType = text; path = Build.swift.example; sourceTree = "<group>"; };
		C1A059DA20720D8A007508BE /* DemoBuild.swift */ = {isa = PBXFileReference; fileEncoding = 4; lastKnownFileType = sourcecode.swift; path = DemoBuild.swift; sourceTree = "<group>"; };
		C1A059DB20720D8A007508BE /* DevelopmentBuild.swift */ = {isa = PBXFileReference; fileEncoding = 4; lastKnownFileType = sourcecode.swift; path = DevelopmentBuild.swift; sourceTree = "<group>"; };
		C1A059DC20720D8A007508BE /* ProductionBuild.swift */ = {isa = PBXFileReference; fileEncoding = 4; lastKnownFileType = sourcecode.swift; path = ProductionBuild.swift; sourceTree = "<group>"; };
		C1A059DD20720D8A007508BE /* GLabelSpec+My.swift */ = {isa = PBXFileReference; fileEncoding = 4; lastKnownFileType = sourcecode.swift; path = "GLabelSpec+My.swift"; sourceTree = "<group>"; };
		C1A059DE20720D8A007508BE /* MyHttpDelegate.swift */ = {isa = PBXFileReference; fileEncoding = 4; lastKnownFileType = sourcecode.swift; path = MyHttpDelegate.swift; sourceTree = "<group>"; };
		C1A059DF20720D8A007508BE /* MyMenuNavController.swift */ = {isa = PBXFileReference; fileEncoding = 4; lastKnownFileType = sourcecode.swift; path = MyMenuNavController.swift; sourceTree = "<group>"; };
		C1A059E020720D8A007508BE /* UIColor+My.swift */ = {isa = PBXFileReference; fileEncoding = 4; lastKnownFileType = sourcecode.swift; path = "UIColor+My.swift"; sourceTree = "<group>"; };
		C1A059EB20720E55007508BE /* ReceiveScreen.swift */ = {isa = PBXFileReference; fileEncoding = 4; lastKnownFileType = sourcecode.swift; path = ReceiveScreen.swift; sourceTree = "<group>"; };
		C1A059EE20720ECA007508BE /* SendScreen.swift */ = {isa = PBXFileReference; fileEncoding = 4; lastKnownFileType = sourcecode.swift; path = SendScreen.swift; sourceTree = "<group>"; };
		C1A059F1207214CA007508BE /* Transaction.swift */ = {isa = PBXFileReference; fileEncoding = 4; lastKnownFileType = sourcecode.swift; path = Transaction.swift; sourceTree = "<group>"; };
		C1A059F2207214CA007508BE /* TransactionCell.swift */ = {isa = PBXFileReference; fileEncoding = 4; lastKnownFileType = sourcecode.swift; path = TransactionCell.swift; sourceTree = "<group>"; };
		C1A059F3207214CA007508BE /* TransactionDetailScreen.swift */ = {isa = PBXFileReference; fileEncoding = 4; lastKnownFileType = sourcecode.swift; path = TransactionDetailScreen.swift; sourceTree = "<group>"; };
		C1A059F4207214CA007508BE /* TransactionListScreen.swift */ = {isa = PBXFileReference; fileEncoding = 4; lastKnownFileType = sourcecode.swift; path = TransactionListScreen.swift; sourceTree = "<group>"; };
		F6A2607316CC2D76F283D744 /* Pods-QuickTip.debug.xcconfig */ = {isa = PBXFileReference; includeInIndex = 1; lastKnownFileType = text.xcconfig; name = "Pods-QuickTip.debug.xcconfig"; path = "Pods/Target Support Files/Pods-QuickTip/Pods-QuickTip.debug.xcconfig"; sourceTree = "<group>"; };
/* End PBXFileReference section */

/* Begin PBXFrameworksBuildPhase section */
		C1A059BE20720915007508BE /* Frameworks */ = {
			isa = PBXFrameworksBuildPhase;
			buildActionMask = 2147483647;
			files = (
				AD32979E99E18070F313DF5D /* Pods_QuickTip.framework in Frameworks */,
			);
			runOnlyForDeploymentPostprocessing = 0;
		};
/* End PBXFrameworksBuildPhase section */

/* Begin PBXGroup section */
		94CA798CB242E68E0EE2D666 /* Pods */ = {
			isa = PBXGroup;
			children = (
				F6A2607316CC2D76F283D744 /* Pods-QuickTip.debug.xcconfig */,
				66541C5C9A0894A28892E929 /* Pods-QuickTip.release.xcconfig */,
			);
			name = Pods;
			sourceTree = "<group>";
		};
		BC6E72A8B5031329D54B4EC5 /* Frameworks */ = {
			isa = PBXGroup;
			children = (
				5C50AD74F04248C933509527 /* Pods_QuickTip.framework */,
			);
			name = Frameworks;
			sourceTree = "<group>";
		};
		C1A059B820720915007508BE = {
			isa = PBXGroup;
			children = (
				C1A059C320720915007508BE /* QuickTip */,
				C1A059C220720915007508BE /* Products */,
				94CA798CB242E68E0EE2D666 /* Pods */,
				BC6E72A8B5031329D54B4EC5 /* Frameworks */,
			);
			sourceTree = "<group>";
		};
		C1A059C220720915007508BE /* Products */ = {
			isa = PBXGroup;
			children = (
				C1A059C120720915007508BE /* QuickTip.app */,
			);
			name = Products;
			sourceTree = "<group>";
		};
		C1A059C320720915007508BE /* QuickTip */ = {
			isa = PBXGroup;
			children = (
				C1A059F0207214CA007508BE /* Transaction */,
				C1A059ED20720ECA007508BE /* Send */,
				C1A059EA20720E55007508BE /* Receive */,
				C1A059D620720D8A007508BE /* App */,
				C1A059C420720915007508BE /* AppDelegate.swift */,
				C1A059C820720915007508BE /* Main.storyboard */,
				C1A059CB20720915007508BE /* Assets.xcassets */,
				C1A059CD20720915007508BE /* LaunchScreen.storyboard */,
				C1A059D020720915007508BE /* Info.plist */,
			);
			path = QuickTip;
			sourceTree = "<group>";
		};
		C1A059D620720D8A007508BE /* App */ = {
			isa = PBXGroup;
			children = (
				C1A059D720720D8A007508BE /* Build */,
				C1A059DD20720D8A007508BE /* GLabelSpec+My.swift */,
				C1A059DE20720D8A007508BE /* MyHttpDelegate.swift */,
				C1A059DF20720D8A007508BE /* MyMenuNavController.swift */,
				C1A059E020720D8A007508BE /* UIColor+My.swift */,
			);
			path = App;
			sourceTree = "<group>";
		};
		C1A059D720720D8A007508BE /* Build */ = {
			isa = PBXGroup;
			children = (
				C1A059D820720D8A007508BE /* Build.swift */,
				C1A059D920720D8A007508BE /* Build.swift.example */,
				C1A059DA20720D8A007508BE /* DemoBuild.swift */,
				C1A059DB20720D8A007508BE /* DevelopmentBuild.swift */,
				C1A059DC20720D8A007508BE /* ProductionBuild.swift */,
			);
			path = Build;
			sourceTree = "<group>";
		};
		C1A059EA20720E55007508BE /* Receive */ = {
			isa = PBXGroup;
			children = (
				C1A059EB20720E55007508BE /* ReceiveScreen.swift */,
			);
			path = Receive;
			sourceTree = "<group>";
		};
		C1A059ED20720ECA007508BE /* Send */ = {
			isa = PBXGroup;
			children = (
				C1A059EE20720ECA007508BE /* SendScreen.swift */,
			);
			path = Send;
			sourceTree = "<group>";
		};
		C1A059F0207214CA007508BE /* Transaction */ = {
			isa = PBXGroup;
			children = (
				C1A059F1207214CA007508BE /* Transaction.swift */,
				C1A059F2207214CA007508BE /* TransactionCell.swift */,
				C1A059F3207214CA007508BE /* TransactionDetailScreen.swift */,
				C1A059F4207214CA007508BE /* TransactionListScreen.swift */,
			);
			path = Transaction;
			sourceTree = "<group>";
		};
/* End PBXGroup section */

/* Begin PBXNativeTarget section */
		C1A059C020720915007508BE /* QuickTip */ = {
			isa = PBXNativeTarget;
			buildConfigurationList = C1A059D320720915007508BE /* Build configuration list for PBXNativeTarget "QuickTip" */;
			buildPhases = (
				B294CE66E0BB4CB0B51590A9 /* [CP] Check Pods Manifest.lock */,
				C1A059BD20720915007508BE /* Sources */,
				C1A059BE20720915007508BE /* Frameworks */,
				C1A059BF20720915007508BE /* Resources */,
				0E4D418596AF2FB4455FAD6A /* [CP] Embed Pods Frameworks */,
				9DD59C4A2C7E33197DBDF73F /* [CP] Copy Pods Resources */,
			);
			buildRules = (
			);
			dependencies = (
			);
			name = QuickTip;
			productName = QuickTip;
			productReference = C1A059C120720915007508BE /* QuickTip.app */;
			productType = "com.apple.product-type.application";
		};
/* End PBXNativeTarget section */

/* Begin PBXProject section */
		C1A059B920720915007508BE /* Project object */ = {
			isa = PBXProject;
			attributes = {
				LastSwiftUpdateCheck = 0920;
				LastUpgradeCheck = 0920;
				ORGANIZATIONNAME = QuickTip;
				TargetAttributes = {
					C1A059C020720915007508BE = {
						CreatedOnToolsVersion = 9.2;
						ProvisioningStyle = Automatic;
					};
				};
			};
			buildConfigurationList = C1A059BC20720915007508BE /* Build configuration list for PBXProject "QuickTip" */;
			compatibilityVersion = "Xcode 8.0";
			developmentRegion = en;
			hasScannedForEncodings = 0;
			knownRegions = (
				en,
				Base,
			);
			mainGroup = C1A059B820720915007508BE;
			productRefGroup = C1A059C220720915007508BE /* Products */;
			projectDirPath = "";
			projectRoot = "";
			targets = (
				C1A059C020720915007508BE /* QuickTip */,
			);
		};
/* End PBXProject section */

/* Begin PBXResourcesBuildPhase section */
		C1A059BF20720915007508BE /* Resources */ = {
			isa = PBXResourcesBuildPhase;
			buildActionMask = 2147483647;
			files = (
				C1A059E220720D8A007508BE /* Build.swift.example in Resources */,
				C1A059CF20720915007508BE /* LaunchScreen.storyboard in Resources */,
				C1A059CC20720915007508BE /* Assets.xcassets in Resources */,
				C1A059CA20720915007508BE /* Main.storyboard in Resources */,
			);
			runOnlyForDeploymentPostprocessing = 0;
		};
/* End PBXResourcesBuildPhase section */

/* Begin PBXShellScriptBuildPhase section */
		0E4D418596AF2FB4455FAD6A /* [CP] Embed Pods Frameworks */ = {
			isa = PBXShellScriptBuildPhase;
			buildActionMask = 2147483647;
			files = (
			);
			inputPaths = (
				"${SRCROOT}/Pods/Target Support Files/Pods-QuickTip/Pods-QuickTip-frameworks.sh",
				"${BUILT_PRODUCTS_DIR}/Alamofire/Alamofire.framework",
				"${BUILT_PRODUCTS_DIR}/Alamofire-Synchronous/Alamofire_Synchronous.framework",
				"${BUILT_PRODUCTS_DIR}/BigInt/BigInt.framework",
				"${BUILT_PRODUCTS_DIR}/CryptoSwift/CryptoSwift.framework",
				"${BUILT_PRODUCTS_DIR}/Eureka/Eureka.framework",
				"${BUILT_PRODUCTS_DIR}/GaniLib/GaniLib.framework",
				"${BUILT_PRODUCTS_DIR}/Kingfisher/Kingfisher.framework",
				"${BUILT_PRODUCTS_DIR}/QRCode/QRCode.framework",
				"${BUILT_PRODUCTS_DIR}/QRCodeReader.swift/QRCodeReader.framework",
				"${BUILT_PRODUCTS_DIR}/Result/Result.framework",
				"${BUILT_PRODUCTS_DIR}/SVProgressHUD/SVProgressHUD.framework",
				"${BUILT_PRODUCTS_DIR}/SideMenu/SideMenu.framework",
				"${BUILT_PRODUCTS_DIR}/SipHash/SipHash.framework",
				"${BUILT_PRODUCTS_DIR}/SnapKit/SnapKit.framework",
				"${BUILT_PRODUCTS_DIR}/SwiftIconFont/SwiftIconFont.framework",
				"${BUILT_PRODUCTS_DIR}/SwiftyJSON/SwiftyJSON.framework",
				"${BUILT_PRODUCTS_DIR}/TTTAttributedLabel/TTTAttributedLabel.framework",
				"${BUILT_PRODUCTS_DIR}/libsodium/libsodium.framework",
				"${BUILT_PRODUCTS_DIR}/secp256k1_ios/secp256k1_ios.framework",
				"${BUILT_PRODUCTS_DIR}/web3swift/web3swift.framework",
			);
			name = "[CP] Embed Pods Frameworks";
			outputPaths = (
				"${TARGET_BUILD_DIR}/${FRAMEWORKS_FOLDER_PATH}/Alamofire.framework",
				"${TARGET_BUILD_DIR}/${FRAMEWORKS_FOLDER_PATH}/Alamofire_Synchronous.framework",
				"${TARGET_BUILD_DIR}/${FRAMEWORKS_FOLDER_PATH}/BigInt.framework",
				"${TARGET_BUILD_DIR}/${FRAMEWORKS_FOLDER_PATH}/CryptoSwift.framework",
				"${TARGET_BUILD_DIR}/${FRAMEWORKS_FOLDER_PATH}/Eureka.framework",
				"${TARGET_BUILD_DIR}/${FRAMEWORKS_FOLDER_PATH}/GaniLib.framework",
				"${TARGET_BUILD_DIR}/${FRAMEWORKS_FOLDER_PATH}/Kingfisher.framework",
				"${TARGET_BUILD_DIR}/${FRAMEWORKS_FOLDER_PATH}/QRCode.framework",
				"${TARGET_BUILD_DIR}/${FRAMEWORKS_FOLDER_PATH}/QRCodeReader.framework",
				"${TARGET_BUILD_DIR}/${FRAMEWORKS_FOLDER_PATH}/Result.framework",
				"${TARGET_BUILD_DIR}/${FRAMEWORKS_FOLDER_PATH}/SVProgressHUD.framework",
				"${TARGET_BUILD_DIR}/${FRAMEWORKS_FOLDER_PATH}/SideMenu.framework",
				"${TARGET_BUILD_DIR}/${FRAMEWORKS_FOLDER_PATH}/SipHash.framework",
				"${TARGET_BUILD_DIR}/${FRAMEWORKS_FOLDER_PATH}/SnapKit.framework",
				"${TARGET_BUILD_DIR}/${FRAMEWORKS_FOLDER_PATH}/SwiftIconFont.framework",
				"${TARGET_BUILD_DIR}/${FRAMEWORKS_FOLDER_PATH}/SwiftyJSON.framework",
				"${TARGET_BUILD_DIR}/${FRAMEWORKS_FOLDER_PATH}/TTTAttributedLabel.framework",
				"${TARGET_BUILD_DIR}/${FRAMEWORKS_FOLDER_PATH}/libsodium.framework",
				"${TARGET_BUILD_DIR}/${FRAMEWORKS_FOLDER_PATH}/secp256k1_ios.framework",
				"${TARGET_BUILD_DIR}/${FRAMEWORKS_FOLDER_PATH}/web3swift.framework",
			);
			runOnlyForDeploymentPostprocessing = 0;
			shellPath = /bin/sh;
			shellScript = "\"${SRCROOT}/Pods/Target Support Files/Pods-QuickTip/Pods-QuickTip-frameworks.sh\"\n";
			showEnvVarsInLog = 0;
		};
		9DD59C4A2C7E33197DBDF73F /* [CP] Copy Pods Resources */ = {
			isa = PBXShellScriptBuildPhase;
			buildActionMask = 2147483647;
			files = (
			);
			inputPaths = (
			);
			name = "[CP] Copy Pods Resources";
			outputPaths = (
			);
			runOnlyForDeploymentPostprocessing = 0;
			shellPath = /bin/sh;
			shellScript = "\"${SRCROOT}/Pods/Target Support Files/Pods-QuickTip/Pods-QuickTip-resources.sh\"\n";
			showEnvVarsInLog = 0;
		};
		B294CE66E0BB4CB0B51590A9 /* [CP] Check Pods Manifest.lock */ = {
			isa = PBXShellScriptBuildPhase;
			buildActionMask = 2147483647;
			files = (
			);
			inputPaths = (
				"${PODS_PODFILE_DIR_PATH}/Podfile.lock",
				"${PODS_ROOT}/Manifest.lock",
			);
			name = "[CP] Check Pods Manifest.lock";
			outputPaths = (
				"$(DERIVED_FILE_DIR)/Pods-QuickTip-checkManifestLockResult.txt",
			);
			runOnlyForDeploymentPostprocessing = 0;
			shellPath = /bin/sh;
			shellScript = "diff \"${PODS_PODFILE_DIR_PATH}/Podfile.lock\" \"${PODS_ROOT}/Manifest.lock\" > /dev/null\nif [ $? != 0 ] ; then\n    # print error to STDERR\n    echo \"error: The sandbox is not in sync with the Podfile.lock. Run 'pod install' or update your CocoaPods installation.\" >&2\n    exit 1\nfi\n# This output is used by Xcode 'outputs' to avoid re-running this script phase.\necho \"SUCCESS\" > \"${SCRIPT_OUTPUT_FILE_0}\"\n";
			showEnvVarsInLog = 0;
		};
/* End PBXShellScriptBuildPhase section */

/* Begin PBXSourcesBuildPhase section */
		C1A059BD20720915007508BE /* Sources */ = {
			isa = PBXSourcesBuildPhase;
			buildActionMask = 2147483647;
			files = (
				C1A059E720720D8A007508BE /* MyHttpDelegate.swift in Sources */,
				C1A059F7207214CB007508BE /* TransactionDetailScreen.swift in Sources */,
				C1A059F8207214CB007508BE /* TransactionListScreen.swift in Sources */,
				C1A059E420720D8A007508BE /* DevelopmentBuild.swift in Sources */,
				C1A059EC20720E55007508BE /* ReceiveScreen.swift in Sources */,
				C1A059C520720915007508BE /* AppDelegate.swift in Sources */,
				C1A059F5207214CB007508BE /* Transaction.swift in Sources */,
				C1A059E520720D8A007508BE /* ProductionBuild.swift in Sources */,
				C1A059E120720D8A007508BE /* Build.swift in Sources */,
				C1A059F6207214CB007508BE /* TransactionCell.swift in Sources */,
				C1A059EF20720ECA007508BE /* SendScreen.swift in Sources */,
				C1A059E320720D8A007508BE /* DemoBuild.swift in Sources */,
				C1A059E620720D8A007508BE /* GLabelSpec+My.swift in Sources */,
				C1A059E820720D8A007508BE /* MyMenuNavController.swift in Sources */,
				C1A059E920720D8A007508BE /* UIColor+My.swift in Sources */,
			);
			runOnlyForDeploymentPostprocessing = 0;
		};
/* End PBXSourcesBuildPhase section */

/* Begin PBXVariantGroup section */
		C1A059C820720915007508BE /* Main.storyboard */ = {
			isa = PBXVariantGroup;
			children = (
				C1A059C920720915007508BE /* Base */,
			);
			name = Main.storyboard;
			sourceTree = "<group>";
		};
		C1A059CD20720915007508BE /* LaunchScreen.storyboard */ = {
			isa = PBXVariantGroup;
			children = (
				C1A059CE20720915007508BE /* Base */,
			);
			name = LaunchScreen.storyboard;
			sourceTree = "<group>";
		};
/* End PBXVariantGroup section */

/* Begin XCBuildConfiguration section */
		C1A059D120720915007508BE /* Debug */ = {
			isa = XCBuildConfiguration;
			buildSettings = {
				ALWAYS_SEARCH_USER_PATHS = NO;
				CLANG_ANALYZER_NONNULL = YES;
				CLANG_ANALYZER_NUMBER_OBJECT_CONVERSION = YES_AGGRESSIVE;
				CLANG_CXX_LANGUAGE_STANDARD = "gnu++14";
				CLANG_CXX_LIBRARY = "libc++";
				CLANG_ENABLE_MODULES = YES;
				CLANG_ENABLE_OBJC_ARC = YES;
				CLANG_WARN_BLOCK_CAPTURE_AUTORELEASING = YES;
				CLANG_WARN_BOOL_CONVERSION = YES;
				CLANG_WARN_COMMA = YES;
				CLANG_WARN_CONSTANT_CONVERSION = YES;
				CLANG_WARN_DIRECT_OBJC_ISA_USAGE = YES_ERROR;
				CLANG_WARN_DOCUMENTATION_COMMENTS = YES;
				CLANG_WARN_EMPTY_BODY = YES;
				CLANG_WARN_ENUM_CONVERSION = YES;
				CLANG_WARN_INFINITE_RECURSION = YES;
				CLANG_WARN_INT_CONVERSION = YES;
				CLANG_WARN_NON_LITERAL_NULL_CONVERSION = YES;
				CLANG_WARN_OBJC_LITERAL_CONVERSION = YES;
				CLANG_WARN_OBJC_ROOT_CLASS = YES_ERROR;
				CLANG_WARN_RANGE_LOOP_ANALYSIS = YES;
				CLANG_WARN_STRICT_PROTOTYPES = YES;
				CLANG_WARN_SUSPICIOUS_MOVE = YES;
				CLANG_WARN_UNGUARDED_AVAILABILITY = YES_AGGRESSIVE;
				CLANG_WARN_UNREACHABLE_CODE = YES;
				CLANG_WARN__DUPLICATE_METHOD_MATCH = YES;
				CODE_SIGN_IDENTITY = "iPhone Developer";
				COPY_PHASE_STRIP = NO;
				DEBUG_INFORMATION_FORMAT = dwarf;
				ENABLE_STRICT_OBJC_MSGSEND = YES;
				ENABLE_TESTABILITY = YES;
				GCC_C_LANGUAGE_STANDARD = gnu11;
				GCC_DYNAMIC_NO_PIC = NO;
				GCC_NO_COMMON_BLOCKS = YES;
				GCC_OPTIMIZATION_LEVEL = 0;
				GCC_PREPROCESSOR_DEFINITIONS = (
					"DEBUG=1",
					"$(inherited)",
				);
				GCC_WARN_64_TO_32_BIT_CONVERSION = YES;
				GCC_WARN_ABOUT_RETURN_TYPE = YES_ERROR;
				GCC_WARN_UNDECLARED_SELECTOR = YES;
				GCC_WARN_UNINITIALIZED_AUTOS = YES_AGGRESSIVE;
				GCC_WARN_UNUSED_FUNCTION = YES;
				GCC_WARN_UNUSED_VARIABLE = YES;
				IPHONEOS_DEPLOYMENT_TARGET = 11.2;
				MTL_ENABLE_DEBUG_INFO = YES;
				ONLY_ACTIVE_ARCH = YES;
				SDKROOT = iphoneos;
				SWIFT_ACTIVE_COMPILATION_CONDITIONS = DEBUG;
				SWIFT_OPTIMIZATION_LEVEL = "-Onone";
			};
			name = Debug;
		};
		C1A059D220720915007508BE /* Release */ = {
			isa = XCBuildConfiguration;
			buildSettings = {
				ALWAYS_SEARCH_USER_PATHS = NO;
				CLANG_ANALYZER_NONNULL = YES;
				CLANG_ANALYZER_NUMBER_OBJECT_CONVERSION = YES_AGGRESSIVE;
				CLANG_CXX_LANGUAGE_STANDARD = "gnu++14";
				CLANG_CXX_LIBRARY = "libc++";
				CLANG_ENABLE_MODULES = YES;
				CLANG_ENABLE_OBJC_ARC = YES;
				CLANG_WARN_BLOCK_CAPTURE_AUTORELEASING = YES;
				CLANG_WARN_BOOL_CONVERSION = YES;
				CLANG_WARN_COMMA = YES;
				CLANG_WARN_CONSTANT_CONVERSION = YES;
				CLANG_WARN_DIRECT_OBJC_ISA_USAGE = YES_ERROR;
				CLANG_WARN_DOCUMENTATION_COMMENTS = YES;
				CLANG_WARN_EMPTY_BODY = YES;
				CLANG_WARN_ENUM_CONVERSION = YES;
				CLANG_WARN_INFINITE_RECURSION = YES;
				CLANG_WARN_INT_CONVERSION = YES;
				CLANG_WARN_NON_LITERAL_NULL_CONVERSION = YES;
				CLANG_WARN_OBJC_LITERAL_CONVERSION = YES;
				CLANG_WARN_OBJC_ROOT_CLASS = YES_ERROR;
				CLANG_WARN_RANGE_LOOP_ANALYSIS = YES;
				CLANG_WARN_STRICT_PROTOTYPES = YES;
				CLANG_WARN_SUSPICIOUS_MOVE = YES;
				CLANG_WARN_UNGUARDED_AVAILABILITY = YES_AGGRESSIVE;
				CLANG_WARN_UNREACHABLE_CODE = YES;
				CLANG_WARN__DUPLICATE_METHOD_MATCH = YES;
				CODE_SIGN_IDENTITY = "iPhone Developer";
				COPY_PHASE_STRIP = NO;
				DEBUG_INFORMATION_FORMAT = "dwarf-with-dsym";
				ENABLE_NS_ASSERTIONS = NO;
				ENABLE_STRICT_OBJC_MSGSEND = YES;
				GCC_C_LANGUAGE_STANDARD = gnu11;
				GCC_NO_COMMON_BLOCKS = YES;
				GCC_WARN_64_TO_32_BIT_CONVERSION = YES;
				GCC_WARN_ABOUT_RETURN_TYPE = YES_ERROR;
				GCC_WARN_UNDECLARED_SELECTOR = YES;
				GCC_WARN_UNINITIALIZED_AUTOS = YES_AGGRESSIVE;
				GCC_WARN_UNUSED_FUNCTION = YES;
				GCC_WARN_UNUSED_VARIABLE = YES;
				IPHONEOS_DEPLOYMENT_TARGET = 11.2;
				MTL_ENABLE_DEBUG_INFO = NO;
				SDKROOT = iphoneos;
				SWIFT_OPTIMIZATION_LEVEL = "-Owholemodule";
				VALIDATE_PRODUCT = YES;
			};
			name = Release;
		};
		C1A059D420720915007508BE /* Debug */ = {
			isa = XCBuildConfiguration;
			baseConfigurationReference = F6A2607316CC2D76F283D744 /* Pods-QuickTip.debug.xcconfig */;
			buildSettings = {
				ASSETCATALOG_COMPILER_APPICON_NAME = AppIcon;
				CODE_SIGN_STYLE = Automatic;
				INFOPLIST_FILE = QuickTip/Info.plist;
				LD_RUNPATH_SEARCH_PATHS = "$(inherited) @executable_path/Frameworks";
				PRODUCT_BUNDLE_IDENTIFIER = io.quicktip.ios;
				PRODUCT_NAME = "$(TARGET_NAME)";
				SWIFT_VERSION = 4.0;
				TARGETED_DEVICE_FAMILY = "1,2";
			};
			name = Debug;
		};
		C1A059D520720915007508BE /* Release */ = {
			isa = XCBuildConfiguration;
			baseConfigurationReference = 66541C5C9A0894A28892E929 /* Pods-QuickTip.release.xcconfig */;
			buildSettings = {
				ASSETCATALOG_COMPILER_APPICON_NAME = AppIcon;
				CODE_SIGN_STYLE = Automatic;
				INFOPLIST_FILE = QuickTip/Info.plist;
				LD_RUNPATH_SEARCH_PATHS = "$(inherited) @executable_path/Frameworks";
				PRODUCT_BUNDLE_IDENTIFIER = io.quicktip.ios;
				PRODUCT_NAME = "$(TARGET_NAME)";
				SWIFT_VERSION = 4.0;
				TARGETED_DEVICE_FAMILY = "1,2";
			};
			name = Release;
		};
/* End XCBuildConfiguration section */

/* Begin XCConfigurationList section */
		C1A059BC20720915007508BE /* Build configuration list for PBXProject "QuickTip" */ = {
			isa = XCConfigurationList;
			buildConfigurations = (
				C1A059D120720915007508BE /* Debug */,
				C1A059D220720915007508BE /* Release */,
			);
			defaultConfigurationIsVisible = 0;
			defaultConfigurationName = Release;
		};
		C1A059D320720915007508BE /* Build configuration list for PBXNativeTarget "QuickTip" */ = {
			isa = XCConfigurationList;
			buildConfigurations = (
				C1A059D420720915007508BE /* Debug */,
				C1A059D520720915007508BE /* Release */,
			);
			defaultConfigurationIsVisible = 0;
			defaultConfigurationName = Release;
		};
/* End XCConfigurationList section */
	};
	rootObject = C1A059B920720915007508BE /* Project object */;
}
